{
    "_meta": {
        "hash": {
            "sha256": "e622e27eccd84ed3cc62b03ebf0d7e6c98705d67c1d61c4370a5110bb32dadf4"
        },
        "pipfile-spec": 6,
        "requires": {
            "python_version": "3.9"
        },
        "sources": [
            {
                "name": "pypi",
                "url": "https://pypi.org/simple",
                "verify_ssl": true
            }
        ]
    },
    "default": {
        "asgiref": {
            "hashes": [
                "sha256:89b2ef2247e3b562a16eef663bc0e2e703ec6468e2fa8a5cd61cd449786d4f6e",
                "sha256:9e0ce3aa93a819ba5b45120216b23878cf6e8525eb3848653452b4192b92afed"
            ],
            "markers": "python_version >= '3.7'",
            "version": "==3.7.2"
        },
        "certifi": {
            "hashes": [
                "sha256:539cc1d13202e33ca466e88b2807e29f4c13049d6d87031a3c110744495cb082",
                "sha256:92d6037539857d8206b8f6ae472e8b77db8058fec5937a1ef3f54304089edbb9"
            ],
            "markers": "python_version >= '3.6'",
            "version": "==2023.7.22"
        },
        "charset-normalizer": {
            "hashes": [
                "sha256:02673e456dc5ab13659f85196c534dc596d4ef260e4d86e856c3b2773ce09843",
                "sha256:02af06682e3590ab952599fbadac535ede5d60d78848e555aa58d0c0abbde786",
                "sha256:03680bb39035fbcffe828eae9c3f8afc0428c91d38e7d61aa992ef7a59fb120e",
                "sha256:0570d21da019941634a531444364f2482e8db0b3425fcd5ac0c36565a64142c8",
                "sha256:09c77f964f351a7369cc343911e0df63e762e42bac24cd7d18525961c81754f4",
                "sha256:0d3d5b7db9ed8a2b11a774db2bbea7ba1884430a205dbd54a32d61d7c2a190fa",
                "sha256:1063da2c85b95f2d1a430f1c33b55c9c17ffaf5e612e10aeaad641c55a9e2b9d",
                "sha256:12ebea541c44fdc88ccb794a13fe861cc5e35d64ed689513a5c03d05b53b7c82",
                "sha256:153e7b6e724761741e0974fc4dcd406d35ba70b92bfe3fedcb497226c93b9da7",
                "sha256:15b26ddf78d57f1d143bdf32e820fd8935d36abe8a25eb9ec0b5a71c82eb3895",
                "sha256:1872d01ac8c618a8da634e232f24793883d6e456a66593135aeafe3784b0848d",
                "sha256:187d18082694a29005ba2944c882344b6748d5be69e3a89bf3cc9d878e548d5a",
                "sha256:1b2919306936ac6efb3aed1fbf81039f7087ddadb3160882a57ee2ff74fd2382",
                "sha256:232ac332403e37e4a03d209a3f92ed9071f7d3dbda70e2a5e9cff1c4ba9f0678",
                "sha256:23e8565ab7ff33218530bc817922fae827420f143479b753104ab801145b1d5b",
                "sha256:24817cb02cbef7cd499f7c9a2735286b4782bd47a5b3516a0e84c50eab44b98e",
                "sha256:249c6470a2b60935bafd1d1d13cd613f8cd8388d53461c67397ee6a0f5dce741",
                "sha256:24a91a981f185721542a0b7c92e9054b7ab4fea0508a795846bc5b0abf8118d4",
                "sha256:2502dd2a736c879c0f0d3e2161e74d9907231e25d35794584b1ca5284e43f596",
                "sha256:250c9eb0f4600361dd80d46112213dff2286231d92d3e52af1e5a6083d10cad9",
                "sha256:278c296c6f96fa686d74eb449ea1697f3c03dc28b75f873b65b5201806346a69",
                "sha256:2935ffc78db9645cb2086c2f8f4cfd23d9b73cc0dc80334bc30aac6f03f68f8c",
                "sha256:2f4a0033ce9a76e391542c182f0d48d084855b5fcba5010f707c8e8c34663d77",
                "sha256:30a85aed0b864ac88309b7d94be09f6046c834ef60762a8833b660139cfbad13",
                "sha256:380c4bde80bce25c6e4f77b19386f5ec9db230df9f2f2ac1e5ad7af2caa70459",
                "sha256:3ae38d325b512f63f8da31f826e6cb6c367336f95e418137286ba362925c877e",
                "sha256:3b447982ad46348c02cb90d230b75ac34e9886273df3a93eec0539308a6296d7",
                "sha256:3debd1150027933210c2fc321527c2299118aa929c2f5a0a80ab6953e3bd1908",
                "sha256:4162918ef3098851fcd8a628bf9b6a98d10c380725df9e04caf5ca6dd48c847a",
                "sha256:468d2a840567b13a590e67dd276c570f8de00ed767ecc611994c301d0f8c014f",
                "sha256:4cc152c5dd831641e995764f9f0b6589519f6f5123258ccaca8c6d34572fefa8",
                "sha256:542da1178c1c6af8873e143910e2269add130a299c9106eef2594e15dae5e482",
                "sha256:557b21a44ceac6c6b9773bc65aa1b4cc3e248a5ad2f5b914b91579a32e22204d",
                "sha256:5707a746c6083a3a74b46b3a631d78d129edab06195a92a8ece755aac25a3f3d",
                "sha256:588245972aca710b5b68802c8cad9edaa98589b1b42ad2b53accd6910dad3545",
                "sha256:5adf257bd58c1b8632046bbe43ee38c04e1038e9d37de9c57a94d6bd6ce5da34",
                "sha256:619d1c96099be5823db34fe89e2582b336b5b074a7f47f819d6b3a57ff7bdb86",
                "sha256:63563193aec44bce707e0c5ca64ff69fa72ed7cf34ce6e11d5127555756fd2f6",
                "sha256:67b8cc9574bb518ec76dc8e705d4c39ae78bb96237cb533edac149352c1f39fe",
                "sha256:6a685067d05e46641d5d1623d7c7fdf15a357546cbb2f71b0ebde91b175ffc3e",
                "sha256:70f1d09c0d7748b73290b29219e854b3207aea922f839437870d8cc2168e31cc",
                "sha256:750b446b2ffce1739e8578576092179160f6d26bd5e23eb1789c4d64d5af7dc7",
                "sha256:7966951325782121e67c81299a031f4c115615e68046f79b85856b86ebffc4cd",
                "sha256:7b8b8bf1189b3ba9b8de5c8db4d541b406611a71a955bbbd7385bbc45fcb786c",
                "sha256:7f5d10bae5d78e4551b7be7a9b29643a95aded9d0f602aa2ba584f0388e7a557",
                "sha256:805dfea4ca10411a5296bcc75638017215a93ffb584c9e344731eef0dcfb026a",
                "sha256:81bf654678e575403736b85ba3a7867e31c2c30a69bc57fe88e3ace52fb17b89",
                "sha256:82eb849f085624f6a607538ee7b83a6d8126df6d2f7d3b319cb837b289123078",
                "sha256:85a32721ddde63c9df9ebb0d2045b9691d9750cb139c161c80e500d210f5e26e",
                "sha256:86d1f65ac145e2c9ed71d8ffb1905e9bba3a91ae29ba55b4c46ae6fc31d7c0d4",
                "sha256:86f63face3a527284f7bb8a9d4f78988e3c06823f7bea2bd6f0e0e9298ca0403",
                "sha256:8eaf82f0eccd1505cf39a45a6bd0a8cf1c70dcfc30dba338207a969d91b965c0",
                "sha256:93aa7eef6ee71c629b51ef873991d6911b906d7312c6e8e99790c0f33c576f89",
                "sha256:96c2b49eb6a72c0e4991d62406e365d87067ca14c1a729a870d22354e6f68115",
                "sha256:9cf3126b85822c4e53aa28c7ec9869b924d6fcfb76e77a45c44b83d91afd74f9",
                "sha256:9fe359b2e3a7729010060fbca442ca225280c16e923b37db0e955ac2a2b72a05",
                "sha256:a0ac5e7015a5920cfce654c06618ec40c33e12801711da6b4258af59a8eff00a",
                "sha256:a3f93dab657839dfa61025056606600a11d0b696d79386f974e459a3fbc568ec",
                "sha256:a4b71f4d1765639372a3b32d2638197f5cd5221b19531f9245fcc9ee62d38f56",
                "sha256:aae32c93e0f64469f74ccc730a7cb21c7610af3a775157e50bbd38f816536b38",
                "sha256:aaf7b34c5bc56b38c931a54f7952f1ff0ae77a2e82496583b247f7c969eb1479",
                "sha256:abecce40dfebbfa6abf8e324e1860092eeca6f7375c8c4e655a8afb61af58f2c",
                "sha256:abf0d9f45ea5fb95051c8bfe43cb40cda383772f7e5023a83cc481ca2604d74e",
                "sha256:ac71b2977fb90c35d41c9453116e283fac47bb9096ad917b8819ca8b943abecd",
                "sha256:ada214c6fa40f8d800e575de6b91a40d0548139e5dc457d2ebb61470abf50186",
                "sha256:b09719a17a2301178fac4470d54b1680b18a5048b481cb8890e1ef820cb80455",
                "sha256:b1121de0e9d6e6ca08289583d7491e7fcb18a439305b34a30b20d8215922d43c",
                "sha256:b3b2316b25644b23b54a6f6401074cebcecd1244c0b8e80111c9a3f1c8e83d65",
                "sha256:b3d9b48ee6e3967b7901c052b670c7dda6deb812c309439adaffdec55c6d7b78",
                "sha256:b5bcf60a228acae568e9911f410f9d9e0d43197d030ae5799e20dca8df588287",
                "sha256:b8f3307af845803fb0b060ab76cf6dd3a13adc15b6b451f54281d25911eb92df",
                "sha256:c2af80fb58f0f24b3f3adcb9148e6203fa67dd3f61c4af146ecad033024dde43",
                "sha256:c350354efb159b8767a6244c166f66e67506e06c8924ed74669b2c70bc8735b1",
                "sha256:c5a74c359b2d47d26cdbbc7845e9662d6b08a1e915eb015d044729e92e7050b7",
                "sha256:c71f16da1ed8949774ef79f4a0260d28b83b3a50c6576f8f4f0288d109777989",
                "sha256:d47ecf253780c90ee181d4d871cd655a789da937454045b17b5798da9393901a",
                "sha256:d7eff0f27edc5afa9e405f7165f85a6d782d308f3b6b9d96016c010597958e63",
                "sha256:d97d85fa63f315a8bdaba2af9a6a686e0eceab77b3089af45133252618e70884",
                "sha256:db756e48f9c5c607b5e33dd36b1d5872d0422e960145b08ab0ec7fd420e9d649",
                "sha256:dc45229747b67ffc441b3de2f3ae5e62877a282ea828a5bdb67883c4ee4a8810",
                "sha256:e0fc42822278451bc13a2e8626cf2218ba570f27856b536e00cfa53099724828",
                "sha256:e39c7eb31e3f5b1f88caff88bcff1b7f8334975b46f6ac6e9fc725d829bc35d4",
                "sha256:e46cd37076971c1040fc8c41273a8b3e2c624ce4f2be3f5dfcb7a430c1d3acc2",
                "sha256:e5c1502d4ace69a179305abb3f0bb6141cbe4714bc9b31d427329a95acfc8bdd",
                "sha256:edfe077ab09442d4ef3c52cb1f9dab89bff02f4524afc0acf2d46be17dc479f5",
                "sha256:effe5406c9bd748a871dbcaf3ac69167c38d72db8c9baf3ff954c344f31c4cbe",
                "sha256:f0d1e3732768fecb052d90d62b220af62ead5748ac51ef61e7b32c266cac9293",
                "sha256:f5969baeaea61c97efa706b9b107dcba02784b1601c74ac84f2a532ea079403e",
                "sha256:f8888e31e3a85943743f8fc15e71536bda1c81d5aa36d014a3c0c44481d7db6e",
                "sha256:fc52b79d83a3fe3a360902d3f5d79073a993597d48114c29485e9431092905d8"
            ],
            "markers": "python_full_version >= '3.7.0'",
            "version": "==3.3.0"
        },
        "colorama": {
            "hashes": [
                "sha256:08695f5cb7ed6e0531a20572697297273c47b8cae5a63ffc6d6ed5c201be6e44",
                "sha256:4f1d9991f5acc0ca119f9d443620b77f9d6b33703e51011c16baf57afb285fc6"
            ],
            "markers": "platform_system == 'Windows'",
            "version": "==0.4.6"
        },
        "django": {
            "hashes": [
                "sha256:5e5c1c9548ffb7796b4a8a4782e9a2e5a3df3615259fc1bfd3ebc73b646146c1",
                "sha256:b6b2b5cae821077f137dc4dade696a1c2aa292f892eca28fa8d7bfdf2608ddd4"
            ],
            "index": "pypi",
            "markers": "python_version >= '3.8'",
            "version": "==4.2.5"
        },
        "django-adminlte3": {
            "hashes": [
                "sha256:46d10068979145fa997051ddc78a29fc264ab2f17de321f38ed40c71dad3ca7e",
                "sha256:f11bfc828830f9e6b0692a5ac597151372baca31eaa23733ae23be4cdb677aa6"
            ],
            "index": "pypi",
            "markers": "python_version >= '3.6'",
            "version": "==0.1.6"
        },
        "django-appconf": {
            "hashes": [
                "sha256:ae9f864ee1958c815a965ed63b3fba4874eec13de10236ba063a788f9a17389d",
                "sha256:be3db0be6c81fa84742000b89a81c016d70ae66a7ccb620cdef592b1f1a6aaa4"
            ],
            "markers": "python_version >= '3.6'",
            "version": "==1.0.5"
        },
        "django-compressor": {
            "hashes": [
                "sha256:1b0acc9cfba9f69bc38e7c41da9b0d70a20bc95587b643ffef9609cf46064f67",
                "sha256:6e2b0c0becb9607f5099c2546a824c5b84a6918a34bc37a8a622ffa250313596"
            ],
            "index": "pypi",
            "version": "==4.4"
        },
        "django-cron": {
            "hashes": [
                "sha256:016203554748512b7f19d7363b4fde8741c6ff63fe8a15051f3031f4a0506a41",
                "sha256:dc3c0d3433a2e4e7012f77f6d8415ad90367ba068649db2674325bc36f935841"
            ],
            "index": "pypi",
            "version": "==0.6.0"
        },
        "django-crontab": {
            "hashes": [
                "sha256:1201810a212460aaaa48eb6a766738740daf42c1a4f6aafecfb1525036929236"
            ],
            "index": "pypi",
            "version": "==0.7.1"
        },
        "django-payments": {
            "extras": [
                "stripe"
            ],
            "hashes": [
                "sha256:7699c0745febe3e9ffa1ad841a82cd1f43e5404f8539e82e0c924fb27821a312",
                "sha256:923b1565fe867065087880d8b8a0b4dbbfe5603f2ccf5bc695fdc118fd3457d2"
            ],
            "index": "pypi",
            "version": "==2.0.0"
        },
        "django-phonenumber-field": {
            "extras": [
                "phonenumberslite"
            ],
            "hashes": [
                "sha256:4eaab35fe9a163046dc3a47188771385c56a788e0e11b7bbcc662e1e6b7b9104",
                "sha256:63721dbdc7424cd594a08d80f550e790cf6e7c903cbc0fb4dd9d86baac8b8c51"
            ],
            "markers": "python_version >= '3.7'",
            "version": "==7.1.0"
        },
        "djangorestframework": {
            "hashes": [
                "sha256:579a333e6256b09489cbe0a067e66abe55c6595d8926be6b99423786334350c8",
                "sha256:eb63f58c9f218e1a7d064d17a70751f528ed4e1d35547fdade9aaf4cd103fd08"
            ],
            "index": "pypi",
            "markers": "python_version >= '3.6'",
            "version": "==3.14.0"
        },
        "environ": {
            "hashes": [
                "sha256:052ded34331655b9c7982abd5681a066b9aaf9adf33b3412c7e842ce959e40b0",
                "sha256:4df7f1dfeb7d1c988d2e19a8bd5d547a526e0400aeb35adf732032472f35dcb0",
                "sha256:9266e62dd8004f3bf181b24c97aa129844e7e7ec87bf3ed06ef3888293212011"
            ],
            "index": "pypi",
            "version": "==1.0"
        },
        "idna": {
            "hashes": [
                "sha256:814f528e8dead7d329833b91c5faa87d60bf71824cd12a7530b5526063d02cb4",
                "sha256:90b77e79eaa3eba6de819a0c442c0b4ceefc341a7a2ab77d7562bf49f425c5c2"
            ],
            "markers": "python_version >= '3.5'",
            "version": "==3.4"
        },
        "install": {
            "hashes": [
                "sha256:0d3fadf4aa62c95efe8d34757c8507eb46177f86c016c21c6551eafc6a53d5a9",
                "sha256:e67c8a0be5ccf8cb4ffa17d090f3a61b6e820e6a7e21cd1d2c0f7bc59b18e647"
            ],
            "index": "pypi",
            "markers": "python_version >= '2.7'",
            "version": "==1.3.5"
        },
        "localstoragepy": {
            "hashes": [
                "sha256:4446afc2df066f2dde33430a0fd9416d86515f798346fc9aa16a11f615f20d7e",
                "sha256:bcaaf07a5cbaab65c34cc4532a685b2a44243979d089d8d37a9c612ac743c0bf"
            ],
            "index": "pypi",
            "version": "==0.2.3"
        },
        "mysql": {
            "hashes": [
                "sha256:8893cb143a5ac525c49ef358a23b8a0dc9721a95646f7bab6ca2f384c18a6a9a",
                "sha256:fd7bae7d7301ce7cd3932e5ff7f77bbc8e34872108252866e08d16d6b8e8de8c"
            ],
            "index": "pypi",
            "version": "==0.0.3"
        },
        "mysql.connector": {
            "hashes": [
                "sha256:1733e6ce52a049243de3264f1fbc22a852cb35458c4ad739ba88189285efdf32"
            ],
            "index": "pypi",
            "version": "==2.2.9"
        },
        "mysqlclient": {
            "hashes": [
                "sha256:004fe1d30d2c2ff8072f8ea513bcec235fd9b896f70dad369461d0ad7e570e98",
                "sha256:04368445f9c487d8abb7a878e3d23e923e6072c04a6c320f9e0dc8a82efba14e",
                "sha256:530ece9995a36cadb6211b9787f0c9e05cdab6702549bdb4236af5e9b535ed6a",
                "sha256:5670679ff1be1cc3fef0fa81bf39f0cd70605ba121141050f02743eb878ac114",
                "sha256:68837b6bb23170acffb43ae411e47533a560b6360c06dac39aa55700972c93b2",
                "sha256:955dba905a7443ce4788c63fdb9f8d688316260cf60b20ff51ac3b1c77616ede",
                "sha256:9c6b142836c7dba4f723bf9c93cc46b6e5081d65b2af807f400dda9eb85a16d0"
            ],
            "index": "pypi",
            "markers": "python_version >= '3.8'",
            "version": "==2.2.0"
        },
        "pdfkit": {
            "hashes": [
                "sha256:992f821e1e18fc8a0e701ecae24b51a2d598296a180caee0a24c0af181da02a9",
                "sha256:a7a4ca0d978e44fa8310c4909f087052430a6e8e0b1dd7ceef657f139789f96f",
                "sha256:cc122e5aed594198ff7aaa566f2950d2163763576ab891c161bb1f6c630f5a8e"
            ],
            "index": "pypi",
            "version": "==1.0.0"
        },
        "phonenumberslite": {
            "hashes": [
                "sha256:8d1e5f2adfee2a634ccdb54b251dec32c5308fbca3d7f6ae6058f4adee4594a3",
                "sha256:98684f21804c6df2e7d224e72d60defee20eddf9e144d57f24cbd9db0df450e0"
            ],
            "version": "==8.13.22"
        },
        "pillow": {
            "hashes": [
                "sha256:0462b1496505a3462d0f35dc1c4d7b54069747d65d00ef48e736acda2c8cbdff",
                "sha256:186f7e04248103482ea6354af6d5bcedb62941ee08f7f788a1c7707bc720c66f",
                "sha256:19e9adb3f22d4c416e7cd79b01375b17159d6990003633ff1d8377e21b7f1b21",
                "sha256:28444cb6ad49726127d6b340217f0627abc8732f1194fd5352dec5e6a0105635",
                "sha256:2872f2d7846cf39b3dbff64bc1104cc48c76145854256451d33c5faa55c04d1a",
                "sha256:2cc6b86ece42a11f16f55fe8903595eff2b25e0358dec635d0a701ac9586588f",
                "sha256:2d7e91b4379f7a76b31c2dda84ab9e20c6220488e50f7822e59dac36b0cd92b1",
                "sha256:2fa6dd2661838c66f1a5473f3b49ab610c98a128fc08afbe81b91a1f0bf8c51d",
                "sha256:32bec7423cdf25c9038fef614a853c9d25c07590e1a870ed471f47fb80b244db",
                "sha256:3855447d98cced8670aaa63683808df905e956f00348732448b5a6df67ee5849",
                "sha256:3a04359f308ebee571a3127fdb1bd01f88ba6f6fb6d087f8dd2e0d9bff43f2a7",
                "sha256:3a0d3e54ab1df9df51b914b2233cf779a5a10dfd1ce339d0421748232cea9876",
                "sha256:44e7e4587392953e5e251190a964675f61e4dae88d1e6edbe9f36d6243547ff3",
                "sha256:459307cacdd4138edee3875bbe22a2492519e060660eaf378ba3b405d1c66317",
                "sha256:4ce90f8a24e1c15465048959f1e94309dfef93af272633e8f37361b824532e91",
                "sha256:50bd5f1ebafe9362ad622072a1d2f5850ecfa44303531ff14353a4059113b12d",
                "sha256:522ff4ac3aaf839242c6f4e5b406634bfea002469656ae8358644fc6c4856a3b",
                "sha256:552912dbca585b74d75279a7570dd29fa43b6d93594abb494ebb31ac19ace6bd",
                "sha256:5d6c9049c6274c1bb565021367431ad04481ebb54872edecfcd6088d27edd6ed",
                "sha256:697a06bdcedd473b35e50a7e7506b1d8ceb832dc238a336bd6f4f5aa91a4b500",
                "sha256:71671503e3015da1b50bd18951e2f9daf5b6ffe36d16f1eb2c45711a301521a7",
                "sha256:723bd25051454cea9990203405fa6b74e043ea76d4968166dfd2569b0210886a",
                "sha256:764d2c0daf9c4d40ad12fbc0abd5da3af7f8aa11daf87e4fa1b834000f4b6b0a",
                "sha256:787bb0169d2385a798888e1122c980c6eff26bf941a8ea79747d35d8f9210ca0",
                "sha256:7f771e7219ff04b79e231d099c0a28ed83aa82af91fd5fa9fdb28f5b8d5addaf",
                "sha256:847e8d1017c741c735d3cd1883fa7b03ded4f825a6e5fcb9378fd813edee995f",
                "sha256:84efb46e8d881bb06b35d1d541aa87f574b58e87f781cbba8d200daa835b42e1",
                "sha256:898f1d306298ff40dc1b9ca24824f0488f6f039bc0e25cfb549d3195ffa17088",
                "sha256:8b451d6ead6e3500b6ce5c7916a43d8d8d25ad74b9102a629baccc0808c54971",
                "sha256:8f06be50669087250f319b706decf69ca71fdecd829091a37cc89398ca4dc17a",
                "sha256:92a23b0431941a33242b1f0ce6c88a952e09feeea9af4e8be48236a68ffe2205",
                "sha256:93139acd8109edcdeffd85e3af8ae7d88b258b3a1e13a038f542b79b6d255c54",
                "sha256:98533fd7fa764e5f85eebe56c8e4094db912ccbe6fbf3a58778d543cadd0db08",
                "sha256:9f665d1e6474af9f9da5e86c2a3a2d2d6204e04d5af9c06b9d42afa6ebde3f21",
                "sha256:b059ac2c4c7a97daafa7dc850b43b2d3667def858a4f112d1aa082e5c3d6cf7d",
                "sha256:b1be1c872b9b5fcc229adeadbeb51422a9633abd847c0ff87dc4ef9bb184ae08",
                "sha256:b7cf63d2c6928b51d35dfdbda6f2c1fddbe51a6bc4a9d4ee6ea0e11670dd981e",
                "sha256:bc2e3069569ea9dbe88d6b8ea38f439a6aad8f6e7a6283a38edf61ddefb3a9bf",
                "sha256:bcf1207e2f2385a576832af02702de104be71301c2696d0012b1b93fe34aaa5b",
                "sha256:ca26ba5767888c84bf5a0c1a32f069e8204ce8c21d00a49c90dabeba00ce0145",
                "sha256:cbe68deb8580462ca0d9eb56a81912f59eb4542e1ef8f987405e35a0179f4ea2",
                "sha256:d6caf3cd38449ec3cd8a68b375e0c6fe4b6fd04edb6c9766b55ef84a6e8ddf2d",
                "sha256:d72967b06be9300fed5cfbc8b5bafceec48bf7cdc7dab66b1d2549035287191d",
                "sha256:d889b53ae2f030f756e61a7bff13684dcd77e9af8b10c6048fb2c559d6ed6eaf",
                "sha256:de596695a75496deb3b499c8c4f8e60376e0516e1a774e7bc046f0f48cd620ad",
                "sha256:e6a90167bcca1216606223a05e2cf991bb25b14695c518bc65639463d7db722d",
                "sha256:ed2d9c0704f2dc4fa980b99d565c0c9a543fe5101c25b3d60488b8ba80f0cce1",
                "sha256:ee7810cf7c83fa227ba9125de6084e5e8b08c59038a7b2c9045ef4dde61663b4",
                "sha256:f0b4b06da13275bc02adfeb82643c4a6385bd08d26f03068c2796f60d125f6f2",
                "sha256:f11c9102c56ffb9ca87134bd025a43d2aba3f1155f508eff88f694b33a9c6d19",
                "sha256:f5bb289bb835f9fe1a1e9300d011eef4d69661bb9b34d5e196e5e82c4cb09b37",
                "sha256:f6d3d4c905e26354e8f9d82548475c46d8e0889538cb0657aa9c6f0872a37aa4",
                "sha256:fcb59711009b0168d6ee0bd8fb5eb259c4ab1717b2f538bbf36bacf207ef7a68",
                "sha256:fd2a5403a75b54661182b75ec6132437a181209b901446ee5724b589af8edef1"
            ],
            "index": "pypi",
            "markers": "python_version >= '3.8'",
            "version": "==10.0.1"
        },
        "pip": {
            "hashes": [
                "sha256:7ccf472345f20d35bdc9d1841ff5f313260c2c33fe417f48c30ac46cccabf5be",
                "sha256:fb0bd5435b3200c602b5bf61d2d43c2f13c02e29c1707567ae7fbc514eb9faf2"
            ],
            "index": "pypi",
            "markers": "python_version >= '3.7'",
            "version": "==23.2.1"
        },
        "pypdf2": {
            "hashes": [
                "sha256:a74408f69ba6271f71b9352ef4ed03dc53a31aa404d29b5d31f53bfecfee1440",
                "sha256:d16e4205cfee272fbdc0568b68d82be796540b1537508cef59388f839c191928"
            ],
            "index": "pypi",
            "markers": "python_version >= '3.6'",
            "version": "==3.0.1"
        },
        "pypng": {
            "hashes": [
                "sha256:4a43e969b8f5aaafb2a415536c1a8ec7e341cd6a3f957fd5b5f32a4cfeed902c",
                "sha256:739c433ba96f078315de54c0db975aee537cbc3e1d0ae4ed9aab0ca1e427e2c1"
            ],
            "version": "==0.20220715.0"
        },
        "pytz": {
            "hashes": [
                "sha256:7b4fddbeb94a1eba4b557da24f19fdf9db575192544270a9101d8509f9f43d7b",
                "sha256:ce42d816b81b68506614c11e8937d3aa9e41007ceb50bfdcb0749b921bf646c7"
            ],
            "version": "==2023.3.post1"
        },
        "qrcode": {
            "hashes": [
                "sha256:581dca7a029bcb2deef5d01068e39093e80ef00b4a61098a2182eac59d01643a",
                "sha256:9dd969454827e127dbd93696b20747239e6d540e082937c90f14ac95b30f5845"
            ],
            "index": "pypi",
            "markers": "python_version >= '3.7'",
            "version": "==7.4.2"
        },
        "razorpay": {
            "hashes": [
                "sha256:236af5a6ae6512345907f4b7f42297980bb8314dbbbc684313a476b7f45179bd",
                "sha256:89b01c386cc93cc5af07d613c99c24fa3ded95d7def94b89e0ac294fb49cbe7c"
            ],
            "index": "pypi",
            "version": "==1.4.1"
        },
        "rcssmin": {
            "hashes": [
                "sha256:271e3d2f8614a6d4637ed8fff3d90007f03e2a654cd9444f37d888797662ba72",
                "sha256:35da6a6999e9e2c5b0e691b42ed56cc479373e0ecab33ef5277dfecce625e44a",
                "sha256:42576d95dfad53d77df2e68dfdec95b89b10fad320f241f1af3ca1438578254a",
                "sha256:4f9400b4366d29f5f5446f58e78549afa8338e6a59740c73115e9f6ac413dc64",
                "sha256:705c9112d0ed54ea40aecf97e7fd29bdf0f1c46d278a32d8f957f31dde90778a",
                "sha256:79421230dd67c37ec61ed9892813d2b839b68f2f48ef55c75f976e81701d60b4",
                "sha256:868215e1fd0e92a6122e0ed5973dfc7bb8330fe1e92274d05b2585253b38c0ca",
                "sha256:8a26fec3c1e6b7a3765ccbaccc20fbb5c0ed3422cc381e01a2607f08d7621c44",
                "sha256:8fcfd10ae2a1c4ce231a33013f2539e07c3836bf17cc945cc25cc30bf8e68e45",
                "sha256:908fe072efd2432fb0975a61124609a8e05021367f6a3463d45f5e3e74c4fdda",
                "sha256:914e589f40573035006913861ed2adc28fbe70082a8b6bff5be7ee430b7b5c2e",
                "sha256:a04d58a2a21e9a089306d3f99c4b12bf5b656a79c198ef2321e80f8fd9afab06",
                "sha256:a417735d4023d47d048a6288c88dbceadd20abaaf65a11bb4fda1e8458057019",
                "sha256:c30f8bc839747b6da59274e0c6e4361915d66532e26448d589cb2b1846d7bf11",
                "sha256:c7278c1c25bb90d8e554df92cfb3b6a1195004ead50f764653d3093933ee0877",
                "sha256:c7728e3b546b1b6ea08cab721e8e21409dbcc11b881d0b87d10b0be8930af2a2",
                "sha256:cf74d7ea5e191f0f344b354eed8b7c83eeafbd9a97bec3a579c3d26edf11b005",
                "sha256:d0afc6e7b64ef30d6dcde88830ec1a237b9f16a39f920a8fd159928684ccf8db",
                "sha256:d4e263fa9428704fd94c2cb565c7519ca1d225217943f71caffe6741ab5b9df1",
                "sha256:e923c105100ab70abde1c01d3196ddd6b07255e32073685542be4e3a60870c8e",
                "sha256:ee386bec6d62f8c814d65c011d604a7c82d24aa3f718facd66e850eea8d6a5a1",
                "sha256:f15673e97f0a68b4c378c4d15b088fe96d60bc106d278c88829923118833c20f",
                "sha256:f7a1fcdbafaacac0530da04edca4a44303baab430ea42e7d59aece4b3f3e9a51"
            ],
            "version": "==1.1.1"
        },
        "requests": {
            "hashes": [
                "sha256:58cd2187c01e70e6e26505bca751777aa9f2ee0b7f4300988b709f44e013003f",
                "sha256:942c5a758f98d790eaed1a29cb6eefc7ffb0d1cf7af05c3d2791656dbd6ad1e1"
            ],
            "markers": "python_version >= '3.0'",
            "version": "==2.31.0"
        },
        "rjsmin": {
            "hashes": [
                "sha256:113132a40ce7d03b2ced4fac215f0297338ed1c207394b739266efab7831988b",
                "sha256:122aa52bcf7ad9f12728d309012d1308c6ecfe4d6b09ea867a110dcad7b7728c",
                "sha256:145c6af8df42d8af102d0d39a6de2e5fa66aef9e38947cfb9d65377d1b9940b2",
                "sha256:1f982be8e011438777a94307279b40134a3935fc0f079312ee299725b8af5411",
                "sha256:3453ee6d5e7a2723ec45c2909e2382371783400e8d51952b692884c6d850a3d0",
                "sha256:35827844d2085bd59d34214dfba6f1fc42a215c455887437b07dbf9c73019cc1",
                "sha256:35f21046504544e2941e04190ce24161255479133751550e36ddb3f4af0ecdca",
                "sha256:5d67ec09da46a492186e35cabca02a0d092eda5ef5b408a419b99ee4acf28d5c",
                "sha256:747bc9d3bc8a220f40858e6aad50b2ae2eb7f69c924d4fa3803b81be1c1ddd02",
                "sha256:7dd58b5ed88233bc61dc80b0ed87b93a1786031d9977c70d335221ef1ac5581a",
                "sha256:812af25c08d6a5ae98019a2e1b47ebb47f7469abd351670c353d619eaeae4064",
                "sha256:8a6710e358c661dcdcfd027e67de3afd72a6af4c88101dcf110de39e9bbded39",
                "sha256:8c340e251619c97571a5ade20f147f1f7e8664f66a2d6d7319e05e3ef6a4423c",
                "sha256:99c074cd6a8302ff47118a9c3d086f89328dc8e5c4b105aa1f348fb85c765a30",
                "sha256:b8464629a18fe69f70677854c93a3707976024b226a0ce62707c618f923e1346",
                "sha256:bbd7a0abaa394afd951f5d4e05249d306fec1c9674bfee179787674dddd0bdb7",
                "sha256:bc5bc2f94e59bc81562c572b7f1bdd6bcec4f61168dc68a2993bad2d355b6e19",
                "sha256:bd1faedc425006d9e86b23837d164f01d105b7a8b66b767a9766d0014773db2a",
                "sha256:ca90630b84fe94bb07739c3e3793e87d30c6ee450dde08653121f0d9153c8d0d",
                "sha256:d332e44a1b21ad63401cc7eebc81157e3d982d5fb503bb4faaea5028068d71e9",
                "sha256:eb770aaf637919b0011c4eb87b9ac6317079fb9800eb17c90dda05fc9de4ebc3",
                "sha256:f0895b360dccf7e2d6af8762a52985e3fbaa56778de1bf6b20dbc96134253807",
                "sha256:f7cd33602ec0f393a0058e883284496bb4dbbdd34e0bbe23b594c8933ddf9b65"
            ],
            "version": "==1.2.1"
        },
        "sqlparse": {
            "hashes": [
                "sha256:5430a4fe2ac7d0f93e66f1efc6e1338a41884b7ddf2a350cedd20ccc4d9d28f3",
                "sha256:d446183e84b8349fa3061f0fe7f06ca94ba65b426946ffebe6e3e8295332420c"
            ],
            "markers": "python_version >= '3.5'",
            "version": "==0.4.4"
        },
        "stripe": {
            "hashes": [
                "sha256:41477112ed83f19a1ad05344dcbaec039088e6523a4435fcfa3e219cb380b0e4",
                "sha256:5c4ef525861cdee30e3aa766fb5117a0908ff35034721bd9491731998900daaf"
            ],
            "index": "pypi",
            "markers": "python_version >= '3.6'",
            "version": "==6.6.0"
        },
        "typing-extensions": {
            "hashes": [
                "sha256:8f92fc8806f9a6b641eaa5318da32b44d401efaac0f6678c9bc448ba3605faa0",
                "sha256:df8e4339e9cb77357558cbdbceca33c303714cf861d1eef15e1070055ae8b7ef"
            ],
            "markers": "python_version >= '3.8'",
            "version": "==4.8.0"
        },
        "tzdata": {
            "hashes": [
                "sha256:11ef1e08e54acb0d4f95bdb1be05da659673de4acbd21bf9c69e94cc5e907a3a",
                "sha256:7e65763eef3120314099b6939b5546db7adce1e7d6f2e179e3df563c70511eda"
            ],
            "markers": "sys_platform == 'win32'",
            "version": "==2023.3"
        },
        "urllib3": {
            "hashes": [
                "sha256:7a7c7003b000adf9e7ca2a377c9688bbc54ed41b985789ed576570342a375cd2",
                "sha256:b19e1a85d206b56d7df1d5e683df4a7725252a964e3993648dd0fb5a1c157564"
            ],
            "markers": "python_version >= '3.7'",
            "version": "==2.0.6"
        },
        "wkhtmltopdf": {
            "hashes": [
                "sha256:530fffb5d1faf4f4cd5248c14fd1b4b7fe311541d0660dc2c2272c32b3c72211",
                "sha256:60c84c327f949a256c6c0752a0a5d8a63daa08d6158f650d6379be9aaa536a94",
                "sha256:eea6f42dccf58ded01980ae77e52017230db06b508e69fdb4f57c91054f543e0",
                "sha256:f14972abdecf5ddb6e397e7b4910dad31516c0e146145753ce18144ba73be1a1"
            ],
            "index": "pypi",
            "version": "==0.2"
        }
    },
    "develop": {}
}
